
Microsoft Visual Studio Solution File, Format Version 12.00
# Visual Studio Version 17
VisualStudioVersion = 17.13.35825.156 d17.13
MinimumVisualStudioVersion = 10.0.40219.1
Project("{FAE04EC0-301F-11D3-BF4B-00C04F79EFBC}") = "Demo.Commerce", "Demo.Windcave\Demo.Commerce.csproj", "{99204160-1DF4-4CE3-8707-C4FBF3B3D331}"
EndProject
Project("{FAE04EC0-301F-11D3-BF4B-00C04F79EFBC}") = "Demo.Web", "Demo.Web\Demo.Web.csproj", "{354FC007-B0E8-45F0-9BA2-5BB05BF2F44F}"
EndProject
Project("{2150E333-8FDC-42A3-9474-1A3956D46DE8}") = "Solution Items", "Solution Items", "{8EC462FD-D22E-90A8-E5CE-7E832BA40C5D}"
	ProjectSection(SolutionItems) = preProject
		ReadMe.md = ReadMe.md
	EndProjectSection
EndProject
Global
	GlobalSection(SolutionConfigurationPlatforms) = preSolution
		Debug|Any CPU = Debug|Any CPU
		Release|Any CPU = Release|Any CPU
	EndGlobalSection
	GlobalSection(ProjectConfigurationPlatforms) = postSolution
		{99204160-1DF4-4CE3-8707-C4FBF3B3D331}.Debug|Any CPU.ActiveCfg = Debug|Any CPU
		{99204160-1DF4-4CE3-8707-C4FBF3B3D331}.Debug|Any CPU.Build.0 = Debug|Any CPU
		{99204160-1DF4-4CE3-8707-C4FBF3B3D331}.Release|Any CPU.ActiveCfg = Release|Any CPU
		{99204160-1DF4-4CE3-8707-C4FBF3B3D331}.Release|Any CPU.Build.0 = Release|Any CPU
		{354FC007-B0E8-45F0-9BA2-5BB05BF2F44F}.Debug|Any CPU.ActiveCfg = Debug|Any CPU
		{354FC007-B0E8-45F0-9BA2-5BB05BF2F44F}.Debug|Any CPU.Build.0 = Debug|Any CPU
		{354FC007-B0E8-45F0-9BA2-5BB05BF2F44F}.Release|Any CPU.ActiveCfg = Release|Any CPU
		{354FC007-B0E8-45F0-9BA2-5BB05BF2F44F}.Release|Any CPU.Build.0 = Release|Any CPU
	EndGlobalSection
	GlobalSection(SolutionProperties) = preSolution
		HideSolutionNode = FALSE
	EndGlobalSection
	GlobalSection(ExtensibilityGlobals) = postSolution
		SolutionGuid = {81D5E27A-A7F7-457D-AB29-752F58671F46}
	EndGlobalSection
EndGlobal
